
Microsoft Visual Studio Solution File, Format Version 12.00
# Visual Studio Version 16
VisualStudioVersion = 16.0.29411.108
MinimumVisualStudioVersion = 10.0.40219.1
Project("{FAE04EC0-301F-11D3-BF4B-00C04F79EFBC}") = "ShowdownGame", "ShowdownGame.csproj", "{CCD683A2-679D-4AB6-9D44-FEE379AE97A2}"
EndProject
Global
	GlobalSection(SolutionConfigurationPlatforms) = preSolution
		Debug|Any CPU = Debug|Any CPU
		Release|Any CPU = Release|Any CPU
	EndGlobalSection
	GlobalSection(ProjectConfigurationPlatforms) = postSolution
		{CCD683A2-679D-4AB6-9D44-FEE379AE97A2}.Debug|Any CPU.ActiveCfg = Debug|Any CPU
		{CCD683A2-679D-4AB6-9D44-FEE379AE97A2}.Debug|Any CPU.Build.0 = Debug|Any CPU
		{CCD683A2-679D-4AB6-9D44-FEE379AE97A2}.Release|Any CPU.ActiveCfg = Release|Any CPU
		{CCD683A2-679D-4AB6-9D44-FEE379AE97A2}.Release|Any CPU.Build.0 = Release|Any CPU
	EndGlobalSection
	GlobalSection(SolutionProperties) = preSolution
		HideSolutionNode = FALSE
	EndGlobalSection
	GlobalSection(ExtensibilityGlobals) = postSolution
		SolutionGuid = {C27C5CA8-CEB0-4B34-B451-C84CBCFB4530}
	EndGlobalSection
EndGlobal
